// !$*UTF8*$!
{
	archiveVersion = 1;
	classes = {
	};
	objectVersion = 46;
	objects = {

/* Begin PBXBuildFile section */
		492C1FB41D9178100032F008 /* AppDelegate.swift in Sources */ = {isa = PBXBuildFile; fileRef = 492C1FB31D9178100032F008 /* AppDelegate.swift */; };
		492C1FB61D9178100032F008 /* SearchViewController.swift in Sources */ = {isa = PBXBuildFile; fileRef = 492C1FB51D9178100032F008 /* SearchViewController.swift */; };
		492C1FB91D9178100032F008 /* Main.storyboard in Resources */ = {isa = PBXBuildFile; fileRef = 492C1FB71D9178100032F008 /* Main.storyboard */; };
		492C1FBB1D9178100032F008 /* Assets.xcassets in Resources */ = {isa = PBXBuildFile; fileRef = 492C1FBA1D9178100032F008 /* Assets.xcassets */; };
		492C1FBE1D9178100032F008 /* LaunchScreen.storyboard in Resources */ = {isa = PBXBuildFile; fileRef = 492C1FBC1D9178100032F008 /* LaunchScreen.storyboard */; };
		492C1FC91D9178100032F008 /* FlickrTestTests.swift in Sources */ = {isa = PBXBuildFile; fileRef = 492C1FC81D9178100032F008 /* FlickrTestTests.swift */; };
		498D07E01D9187C700A94A87 /* FlickrAPI.swift in Sources */ = {isa = PBXBuildFile; fileRef = 498D07DF1D9187C700A94A87 /* FlickrAPI.swift */; };
		498D07E21D918B1A00A94A87 /* InfoPlistReader.swift in Sources */ = {isa = PBXBuildFile; fileRef = 498D07E11D918B1A00A94A87 /* InfoPlistReader.swift */; };
		498D07E41D918D1F00A94A87 /* Response.swift in Sources */ = {isa = PBXBuildFile; fileRef = 498D07E31D918D1F00A94A87 /* Response.swift */; };
		498D07E61D9194F800A94A87 /* JSONInstantiatable.swift in Sources */ = {isa = PBXBuildFile; fileRef = 498D07E51D9194F800A94A87 /* JSONInstantiatable.swift */; };
		498D07E91D91956500A94A87 /* SearchResults.swift in Sources */ = {isa = PBXBuildFile; fileRef = 498D07E81D91956500A94A87 /* SearchResults.swift */; };
		498D07EB1D91966B00A94A87 /* PhotoSearchResult.swift in Sources */ = {isa = PBXBuildFile; fileRef = 498D07EA1D91966B00A94A87 /* PhotoSearchResult.swift */; };
		498D07EE1D91ACA900A94A87 /* PhotoCell.xib in Resources */ = {isa = PBXBuildFile; fileRef = 498D07ED1D91ACA900A94A87 /* PhotoCell.xib */; };
		498D07F01D91AE2500A94A87 /* PhotoCell.swift in Sources */ = {isa = PBXBuildFile; fileRef = 498D07EF1D91AE2500A94A87 /* PhotoCell.swift */; };
		498D07F31D91C2EC00A94A87 /* WebImage.framework in Frameworks */ = {isa = PBXBuildFile; fileRef = 498D07F21D91C2EC00A94A87 /* WebImage.framework */; };
		498D07F61D91C33300A94A87 /* WebImage.framework in Frameworks */ = {isa = PBXBuildFile; fileRef = 498D07F21D91C2EC00A94A87 /* WebImage.framework */; };
		498D07F71D91C33300A94A87 /* WebImage.framework in Embed Frameworks */ = {isa = PBXBuildFile; fileRef = 498D07F21D91C2EC00A94A87 /* WebImage.framework */; settings = {ATTRIBUTES = (CodeSignOnCopy, RemoveHeadersOnCopy, ); }; };
/* End PBXBuildFile section */

/* Begin PBXContainerItemProxy section */
		492C1FC51D9178100032F008 /* PBXContainerItemProxy */ = {
			isa = PBXContainerItemProxy;
			containerPortal = 492C1FA81D9178100032F008 /* Project object */;
			proxyType = 1;
			remoteGlobalIDString = 492C1FAF1D9178100032F008;
			remoteInfo = FlickrTest;
		};
/* End PBXContainerItemProxy section */

/* Begin PBXCopyFilesBuildPhase section */
		498D07F81D91C33300A94A87 /* Embed Frameworks */ = {
			isa = PBXCopyFilesBuildPhase;
			buildActionMask = 2147483647;
			dstPath = "";
			dstSubfolderSpec = 10;
			files = (
				498D07F71D91C33300A94A87 /* WebImage.framework in Embed Frameworks */,
			);
			name = "Embed Frameworks";
			runOnlyForDeploymentPostprocessing = 0;
		};
/* End PBXCopyFilesBuildPhase section */

/* Begin PBXFileReference section */
		492C1FB01D9178100032F008 /* FlickrTest.app */ = {isa = PBXFileReference; explicitFileType = wrapper.application; includeInIndex = 0; path = FlickrTest.app; sourceTree = BUILT_PRODUCTS_DIR; };
		492C1FB31D9178100032F008 /* AppDelegate.swift */ = {isa = PBXFileReference; lastKnownFileType = sourcecode.swift; path = AppDelegate.swift; sourceTree = "<group>"; };
		492C1FB51D9178100032F008 /* SearchViewController.swift */ = {isa = PBXFileReference; lastKnownFileType = sourcecode.swift; path = SearchViewController.swift; sourceTree = "<group>"; };
		492C1FB81D9178100032F008 /* Base */ = {isa = PBXFileReference; lastKnownFileType = file.storyboard; name = Base; path = Base.lproj/Main.storyboard; sourceTree = "<group>"; };
		492C1FBA1D9178100032F008 /* Assets.xcassets */ = {isa = PBXFileReference; lastKnownFileType = folder.assetcatalog; path = Assets.xcassets; sourceTree = "<group>"; };
		492C1FBD1D9178100032F008 /* Base */ = {isa = PBXFileReference; lastKnownFileType = file.storyboard; name = Base; path = Base.lproj/LaunchScreen.storyboard; sourceTree = "<group>"; };
		492C1FBF1D9178100032F008 /* Info.plist */ = {isa = PBXFileReference; lastKnownFileType = text.plist.xml; path = Info.plist; sourceTree = "<group>"; };
		492C1FC41D9178100032F008 /* FlickrTestTests.xctest */ = {isa = PBXFileReference; explicitFileType = wrapper.cfbundle; includeInIndex = 0; path = FlickrTestTests.xctest; sourceTree = BUILT_PRODUCTS_DIR; };
		492C1FC81D9178100032F008 /* FlickrTestTests.swift */ = {isa = PBXFileReference; lastKnownFileType = sourcecode.swift; path = FlickrTestTests.swift; sourceTree = "<group>"; };
		492C1FCA1D9178100032F008 /* Info.plist */ = {isa = PBXFileReference; lastKnownFileType = text.plist.xml; path = Info.plist; sourceTree = "<group>"; };
		498D07DF1D9187C700A94A87 /* FlickrAPI.swift */ = {isa = PBXFileReference; fileEncoding = 4; lastKnownFileType = sourcecode.swift; path = FlickrAPI.swift; sourceTree = "<group>"; };
		498D07E11D918B1A00A94A87 /* InfoPlistReader.swift */ = {isa = PBXFileReference; fileEncoding = 4; lastKnownFileType = sourcecode.swift; path = InfoPlistReader.swift; sourceTree = "<group>"; };
		498D07E31D918D1F00A94A87 /* Response.swift */ = {isa = PBXFileReference; fileEncoding = 4; lastKnownFileType = sourcecode.swift; path = Response.swift; sourceTree = "<group>"; };
		498D07E51D9194F800A94A87 /* JSONInstantiatable.swift */ = {isa = PBXFileReference; fileEncoding = 4; lastKnownFileType = sourcecode.swift; path = JSONInstantiatable.swift; sourceTree = "<group>"; };
		498D07E81D91956500A94A87 /* SearchResults.swift */ = {isa = PBXFileReference; fileEncoding = 4; lastKnownFileType = sourcecode.swift; path = SearchResults.swift; sourceTree = "<group>"; };
		498D07EA1D91966B00A94A87 /* PhotoSearchResult.swift */ = {isa = PBXFileReference; fileEncoding = 4; lastKnownFileType = sourcecode.swift; path = PhotoSearchResult.swift; sourceTree = "<group>"; };
		498D07ED1D91ACA900A94A87 /* PhotoCell.xib */ = {isa = PBXFileReference; fileEncoding = 4; lastKnownFileType = file.xib; path = PhotoCell.xib; sourceTree = "<group>"; };
		498D07EF1D91AE2500A94A87 /* PhotoCell.swift */ = {isa = PBXFileReference; fileEncoding = 4; lastKnownFileType = sourcecode.swift; path = PhotoCell.swift; sourceTree = "<group>"; };
		498D07F21D91C2EC00A94A87 /* WebImage.framework */ = {isa = PBXFileReference; lastKnownFileType = wrapper.framework; name = WebImage.framework; path = Carthage/Build/iOS/WebImage.framework; sourceTree = "<group>"; };
/* End PBXFileReference section */

/* Begin PBXFrameworksBuildPhase section */
		492C1FAD1D9178100032F008 /* Frameworks */ = {
			isa = PBXFrameworksBuildPhase;
			buildActionMask = 2147483647;
			files = (
				498D07F31D91C2EC00A94A87 /* WebImage.framework in Frameworks */,
				498D07F61D91C33300A94A87 /* WebImage.framework in Frameworks */,
			);
			runOnlyForDeploymentPostprocessing = 0;
		};
		492C1FC11D9178100032F008 /* Frameworks */ = {
			isa = PBXFrameworksBuildPhase;
			buildActionMask = 2147483647;
			files = (
			);
			runOnlyForDeploymentPostprocessing = 0;
		};
/* End PBXFrameworksBuildPhase section */

/* Begin PBXGroup section */
		492C1FA71D9178100032F008 = {
			isa = PBXGroup;
			children = (
				492C1FB21D9178100032F008 /* FlickrTest */,
				492C1FC71D9178100032F008 /* FlickrTestTests */,
				492C1FB11D9178100032F008 /* Products */,
				498D07F11D91C2EC00A94A87 /* Frameworks */,
			);
			sourceTree = "<group>";
		};
		492C1FB11D9178100032F008 /* Products */ = {
			isa = PBXGroup;
			children = (
				492C1FB01D9178100032F008 /* FlickrTest.app */,
				492C1FC41D9178100032F008 /* FlickrTestTests.xctest */,
			);
			name = Products;
			sourceTree = "<group>";
		};
		492C1FB21D9178100032F008 /* FlickrTest */ = {
			isa = PBXGroup;
			children = (
				498D07EC1D91AC8C00A94A87 /* Search */,
				498D07DE1D9187B500A94A87 /* Networking */,
				492C1FB31D9178100032F008 /* AppDelegate.swift */,
				492C1FB71D9178100032F008 /* Main.storyboard */,
				492C1FBA1D9178100032F008 /* Assets.xcassets */,
				492C1FBC1D9178100032F008 /* LaunchScreen.storyboard */,
				492C1FBF1D9178100032F008 /* Info.plist */,
			);
			path = FlickrTest;
			sourceTree = "<group>";
		};
		492C1FC71D9178100032F008 /* FlickrTestTests */ = {
			isa = PBXGroup;
			children = (
				492C1FC81D9178100032F008 /* FlickrTestTests.swift */,
				492C1FCA1D9178100032F008 /* Info.plist */,
			);
			path = FlickrTestTests;
			sourceTree = "<group>";
		};
		498D07DE1D9187B500A94A87 /* Networking */ = {
			isa = PBXGroup;
			children = (
				498D07E71D91954300A94A87 /* Models */,
				498D07DF1D9187C700A94A87 /* FlickrAPI.swift */,
				498D07E11D918B1A00A94A87 /* InfoPlistReader.swift */,
				498D07E31D918D1F00A94A87 /* Response.swift */,
				498D07E51D9194F800A94A87 /* JSONInstantiatable.swift */,
			);
			name = Networking;
			sourceTree = "<group>";
		};
		498D07E71D91954300A94A87 /* Models */ = {
			isa = PBXGroup;
			children = (
				498D07E81D91956500A94A87 /* SearchResults.swift */,
				498D07EA1D91966B00A94A87 /* PhotoSearchResult.swift */,
			);
			name = Models;
			sourceTree = "<group>";
		};
		498D07EC1D91AC8C00A94A87 /* Search */ = {
			isa = PBXGroup;
			children = (
				492C1FB51D9178100032F008 /* SearchViewController.swift */,
				498D07ED1D91ACA900A94A87 /* PhotoCell.xib */,
				498D07EF1D91AE2500A94A87 /* PhotoCell.swift */,
			);
			name = Search;
			sourceTree = "<group>";
		};
		498D07F11D91C2EC00A94A87 /* Frameworks */ = {
			isa = PBXGroup;
			children = (
				498D07F21D91C2EC00A94A87 /* WebImage.framework */,
			);
			name = Frameworks;
			sourceTree = "<group>";
		};
/* End PBXGroup section */

/* Begin PBXNativeTarget section */
		492C1FAF1D9178100032F008 /* FlickrTest */ = {
			isa = PBXNativeTarget;
			buildConfigurationList = 492C1FCD1D9178100032F008 /* Build configuration list for PBXNativeTarget "FlickrTest" */;
			buildPhases = (
				492C1FAC1D9178100032F008 /* Sources */,
				492C1FAD1D9178100032F008 /* Frameworks */,
				492C1FAE1D9178100032F008 /* Resources */,
				498D07F81D91C33300A94A87 /* Embed Frameworks */,
			);
			buildRules = (
			);
			dependencies = (
			);
			name = FlickrTest;
			productName = FlickrTest;
			productReference = 492C1FB01D9178100032F008 /* FlickrTest.app */;
			productType = "com.apple.product-type.application";
		};
		492C1FC31D9178100032F008 /* FlickrTestTests */ = {
			isa = PBXNativeTarget;
			buildConfigurationList = 492C1FD01D9178100032F008 /* Build configuration list for PBXNativeTarget "FlickrTestTests" */;
			buildPhases = (
				492C1FC01D9178100032F008 /* Sources */,
				492C1FC11D9178100032F008 /* Frameworks */,
				492C1FC21D9178100032F008 /* Resources */,
			);
			buildRules = (
			);
			dependencies = (
				492C1FC61D9178100032F008 /* PBXTargetDependency */,
			);
			name = FlickrTestTests;
			productName = FlickrTestTests;
			productReference = 492C1FC41D9178100032F008 /* FlickrTestTests.xctest */;
			productType = "com.apple.product-type.bundle.unit-test";
		};
/* End PBXNativeTarget section */

/* Begin PBXProject section */
		492C1FA81D9178100032F008 /* Project object */ = {
			isa = PBXProject;
			attributes = {
				LastSwiftUpdateCheck = 0800;
				LastUpgradeCheck = 0800;
				ORGANIZATIONNAME = "Christopher Bryan Henderson";
				TargetAttributes = {
					492C1FAF1D9178100032F008 = {
						CreatedOnToolsVersion = 8.0;
						DevelopmentTeam = YGH3FGY9H8;
						ProvisioningStyle = Automatic;
					};
					492C1FC31D9178100032F008 = {
						CreatedOnToolsVersion = 8.0;
						ProvisioningStyle = Automatic;
						TestTargetID = 492C1FAF1D9178100032F008;
					};
				};
			};
			buildConfigurationList = 492C1FAB1D9178100032F008 /* Build configuration list for PBXProject "FlickrTest" */;
			compatibilityVersion = "Xcode 3.2";
			developmentRegion = English;
			hasScannedForEncodings = 0;
			knownRegions = (
				en,
				Base,
			);
			mainGroup = 492C1FA71D9178100032F008;
			productRefGroup = 492C1FB11D9178100032F008 /* Products */;
			projectDirPath = "";
			projectRoot = "";
			targets = (
				492C1FAF1D9178100032F008 /* FlickrTest */,
				492C1FC31D9178100032F008 /* FlickrTestTests */,
			);
		};
/* End PBXProject section */

/* Begin PBXResourcesBuildPhase section */
		492C1FAE1D9178100032F008 /* Resources */ = {
			isa = PBXResourcesBuildPhase;
			buildActionMask = 2147483647;
			files = (
				498D07EE1D91ACA900A94A87 /* PhotoCell.xib in Resources */,
				492C1FBE1D9178100032F008 /* LaunchScreen.storyboard in Resources */,
				492C1FBB1D9178100032F008 /* Assets.xcassets in Resources */,
				492C1FB91D9178100032F008 /* Main.storyboard in Resources */,
			);
			runOnlyForDeploymentPostprocessing = 0;
		};
		492C1FC21D9178100032F008 /* Resources */ = {
			isa = PBXResourcesBuildPhase;
			buildActionMask = 2147483647;
			files = (
			);
			runOnlyForDeploymentPostprocessing = 0;
		};
/* End PBXResourcesBuildPhase section */

/* Begin PBXSourcesBuildPhase section */
		492C1FAC1D9178100032F008 /* Sources */ = {
			isa = PBXSourcesBuildPhase;
			buildActionMask = 2147483647;
			files = (
				498D07E91D91956500A94A87 /* SearchResults.swift in Sources */,
				498D07F01D91AE2500A94A87 /* PhotoCell.swift in Sources */,
				498D07EB1D91966B00A94A87 /* PhotoSearchResult.swift in Sources */,
				498D07E61D9194F800A94A87 /* JSONInstantiatable.swift in Sources */,
				498D07E01D9187C700A94A87 /* FlickrAPI.swift in Sources */,
				492C1FB61D9178100032F008 /* SearchViewController.swift in Sources */,
				498D07E21D918B1A00A94A87 /* InfoPlistReader.swift in Sources */,
				492C1FB41D9178100032F008 /* AppDelegate.swift in Sources */,
				498D07E41D918D1F00A94A87 /* Response.swift in Sources */,
			);
			runOnlyForDeploymentPostprocessing = 0;
		};
		492C1FC01D9178100032F008 /* Sources */ = {
			isa = PBXSourcesBuildPhase;
			buildActionMask = 2147483647;
			files = (
				492C1FC91D9178100032F008 /* FlickrTestTests.swift in Sources */,
			);
			runOnlyForDeploymentPostprocessing = 0;
		};
/* End PBXSourcesBuildPhase section */

/* Begin PBXTargetDependency section */
		492C1FC61D9178100032F008 /* PBXTargetDependency */ = {
			isa = PBXTargetDependency;
			target = 492C1FAF1D9178100032F008 /* FlickrTest */;
			targetProxy = 492C1FC51D9178100032F008 /* PBXContainerItemProxy */;
		};
/* End PBXTargetDependency section */

/* Begin PBXVariantGroup section */
		492C1FB71D9178100032F008 /* Main.storyboard */ = {
			isa = PBXVariantGroup;
			children = (
				492C1FB81D9178100032F008 /* Base */,
			);
			name = Main.storyboard;
			sourceTree = "<group>";
		};
		492C1FBC1D9178100032F008 /* LaunchScreen.storyboard */ = {
			isa = PBXVariantGroup;
			children = (
				492C1FBD1D9178100032F008 /* Base */,
			);
			name = LaunchScreen.storyboard;
			sourceTree = "<group>";
		};
/* End PBXVariantGroup section */

/* Begin XCBuildConfiguration section */
		492C1FCB1D9178100032F008 /* Debug */ = {
			isa = XCBuildConfiguration;
			buildSettings = {
				ALWAYS_SEARCH_USER_PATHS = NO;
				CLANG_ANALYZER_NONNULL = YES;
				CLANG_CXX_LANGUAGE_STANDARD = "gnu++0x";
				CLANG_CXX_LIBRARY = "libc++";
				CLANG_ENABLE_MODULES = YES;
				CLANG_ENABLE_OBJC_ARC = YES;
				CLANG_WARN_BOOL_CONVERSION = YES;
				CLANG_WARN_CONSTANT_CONVERSION = YES;
				CLANG_WARN_DIRECT_OBJC_ISA_USAGE = YES_ERROR;
				CLANG_WARN_DOCUMENTATION_COMMENTS = YES;
				CLANG_WARN_EMPTY_BODY = YES;
				CLANG_WARN_ENUM_CONVERSION = YES;
				CLANG_WARN_INFINITE_RECURSION = YES;
				CLANG_WARN_INT_CONVERSION = YES;
				CLANG_WARN_OBJC_ROOT_CLASS = YES_ERROR;
				CLANG_WARN_SUSPICIOUS_MOVES = YES;
				CLANG_WARN_UNREACHABLE_CODE = YES;
				CLANG_WARN__DUPLICATE_METHOD_MATCH = YES;
				"CODE_SIGN_IDENTITY[sdk=iphoneos*]" = "iPhone Developer";
				COPY_PHASE_STRIP = NO;
				DEBUG_INFORMATION_FORMAT = dwarf;
				ENABLE_STRICT_OBJC_MSGSEND = YES;
				ENABLE_TESTABILITY = YES;
				GCC_C_LANGUAGE_STANDARD = gnu99;
				GCC_DYNAMIC_NO_PIC = NO;
				GCC_NO_COMMON_BLOCKS = YES;
				GCC_OPTIMIZATION_LEVEL = 0;
				GCC_PREPROCESSOR_DEFINITIONS = (
					"DEBUG=1",
					"$(inherited)",
				);
				GCC_WARN_64_TO_32_BIT_CONVERSION = YES;
				GCC_WARN_ABOUT_RETURN_TYPE = YES_ERROR;
				GCC_WARN_UNDECLARED_SELECTOR = YES;
				GCC_WARN_UNINITIALIZED_AUTOS = YES_AGGRESSIVE;
				GCC_WARN_UNUSED_FUNCTION = YES;
				GCC_WARN_UNUSED_VARIABLE = YES;
				IPHONEOS_DEPLOYMENT_TARGET = 10.0;
				MTL_ENABLE_DEBUG_INFO = YES;
				ONLY_ACTIVE_ARCH = YES;
				SDKROOT = iphoneos;
				SWIFT_ACTIVE_COMPILATION_CONDITIONS = DEBUG;
				SWIFT_OPTIMIZATION_LEVEL = "-Onone";
				TARGETED_DEVICE_FAMILY = "1,2";
			};
			name = Debug;
		};
		492C1FCC1D9178100032F008 /* Release */ = {
			isa = XCBuildConfiguration;
			buildSettings = {
				ALWAYS_SEARCH_USER_PATHS = NO;
				CLANG_ANALYZER_NONNULL = YES;
				CLANG_CXX_LANGUAGE_STANDARD = "gnu++0x";
				CLANG_CXX_LIBRARY = "libc++";
				CLANG_ENABLE_MODULES = YES;
				CLANG_ENABLE_OBJC_ARC = YES;
				CLANG_WARN_BOOL_CONVERSION = YES;
				CLANG_WARN_CONSTANT_CONVERSION = YES;
				CLANG_WARN_DIRECT_OBJC_ISA_USAGE = YES_ERROR;
				CLANG_WARN_DOCUMENTATION_COMMENTS = YES;
				CLANG_WARN_EMPTY_BODY = YES;
				CLANG_WARN_ENUM_CONVERSION = YES;
				CLANG_WARN_INFINITE_RECURSION = YES;
				CLANG_WARN_INT_CONVERSION = YES;
				CLANG_WARN_OBJC_ROOT_CLASS = YES_ERROR;
				CLANG_WARN_SUSPICIOUS_MOVES = YES;
				CLANG_WARN_UNREACHABLE_CODE = YES;
				CLANG_WARN__DUPLICATE_METHOD_MATCH = YES;
				"CODE_SIGN_IDENTITY[sdk=iphoneos*]" = "iPhone Developer";
				COPY_PHASE_STRIP = NO;
				DEBUG_INFORMATION_FORMAT = "dwarf-with-dsym";
				ENABLE_NS_ASSERTIONS = NO;
				ENABLE_STRICT_OBJC_MSGSEND = YES;
				GCC_C_LANGUAGE_STANDARD = gnu99;
				GCC_NO_COMMON_BLOCKS = YES;
				GCC_WARN_64_TO_32_BIT_CONVERSION = YES;
				GCC_WARN_ABOUT_RETURN_TYPE = YES_ERROR;
				GCC_WARN_UNDECLARED_SELECTOR = YES;
				GCC_WARN_UNINITIALIZED_AUTOS = YES_AGGRESSIVE;
				GCC_WARN_UNUSED_FUNCTION = YES;
				GCC_WARN_UNUSED_VARIABLE = YES;
				IPHONEOS_DEPLOYMENT_TARGET = 10.0;
				MTL_ENABLE_DEBUG_INFO = NO;
				SDKROOT = iphoneos;
				SWIFT_OPTIMIZATION_LEVEL = "-Owholemodule";
				TARGETED_DEVICE_FAMILY = "1,2";
				VALIDATE_PRODUCT = YES;
			};
			name = Release;
		};
		492C1FCE1D9178100032F008 /* Debug */ = {
			isa = XCBuildConfiguration;
			buildSettings = {
				ASSETCATALOG_COMPILER_APPICON_NAME = AppIcon;
				"CODE_SIGN_IDENTITY[sdk=iphoneos*]" = "iPhone Developer";
				DEVELOPMENT_TEAM = YGH3FGY9H8;
				FRAMEWORK_SEARCH_PATHS = (
					"$(inherited)",
					"$(PROJECT_DIR)/Carthage/Build/iOS",
				);
				INFOPLIST_FILE = FlickrTest/Info.plist;
				LD_RUNPATH_SEARCH_PATHS = "$(inherited) @executable_path/Frameworks";
				PRODUCT_BUNDLE_IDENTIFIER = com.bryan.FlickrTest;
				PRODUCT_NAME = "$(TARGET_NAME)";
				SWIFT_VERSION = 3.0;
			};
			name = Debug;
		};
		492C1FCF1D9178100032F008 /* Release */ = {
			isa = XCBuildConfiguration;
			buildSettings = {
				ASSETCATALOG_COMPILER_APPICON_NAME = AppIcon;
				"CODE_SIGN_IDENTITY[sdk=iphoneos*]" = "iPhone Developer";
				DEVELOPMENT_TEAM = YGH3FGY9H8;
				FRAMEWORK_SEARCH_PATHS = (
					"$(inherited)",
					"$(PROJECT_DIR)/Carthage/Build/iOS",
				);
				INFOPLIST_FILE = FlickrTest/Info.plist;
				LD_RUNPATH_SEARCH_PATHS = "$(inherited) @executable_path/Frameworks";
				PRODUCT_BUNDLE_IDENTIFIER = com.bryan.FlickrTest;
				PRODUCT_NAME = "$(TARGET_NAME)";
				SWIFT_VERSION = 3.0;
			};
			name = Release;
		};
		492C1FD11D9178100032F008 /* Debug */ = {
			isa = XCBuildConfiguration;
			buildSettings = {
				ALWAYS_EMBED_SWIFT_STANDARD_LIBRARIES = YES;
				BUNDLE_LOADER = "$(TEST_HOST)";
				INFOPLIST_FILE = FlickrTestTests/Info.plist;
				LD_RUNPATH_SEARCH_PATHS = "$(inherited) @executable_path/Frameworks @loader_path/Frameworks";
				PRODUCT_BUNDLE_IDENTIFIER = com.bryan.FlickrTestTests;
				PRODUCT_NAME = "$(TARGET_NAME)";
				SWIFT_VERSION = 3.0;
				TEST_HOST = "$(BUILT_PRODUCTS_DIR)/FlickrTest.app/FlickrTest";
			};
			name = Debug;
		};
		492C1FD21D9178100032F008 /* Release */ = {
			isa = XCBuildConfiguration;
			buildSettings = {
				ALWAYS_EMBED_SWIFT_STANDARD_LIBRARIES = YES;
				BUNDLE_LOADER = "$(TEST_HOST)";
				INFOPLIST_FILE = FlickrTestTests/Info.plist;
				LD_RUNPATH_SEARCH_PATHS = "$(inherited) @executable_path/Frameworks @loader_path/Frameworks";
				PRODUCT_BUNDLE_IDENTIFIER = com.bryan.FlickrTestTests;
				PRODUCT_NAME = "$(TARGET_NAME)";
				SWIFT_VERSION = 3.0;
				TEST_HOST = "$(BUILT_PRODUCTS_DIR)/FlickrTest.app/FlickrTest";
			};
			name = Release;
		};
/* End XCBuildConfiguration section */

/* Begin XCConfigurationList section */
		492C1FAB1D9178100032F008 /* Build configuration list for PBXProject "FlickrTest" */ = {
			isa = XCConfigurationList;
			buildConfigurations = (
				492C1FCB1D9178100032F008 /* Debug */,
				492C1FCC1D9178100032F008 /* Release */,
			);
			defaultConfigurationIsVisible = 0;
			defaultConfigurationName = Release;
		};
		492C1FCD1D9178100032F008 /* Build configuration list for PBXNativeTarget "FlickrTest" */ = {
			isa = XCConfigurationList;
			buildConfigurations = (
				492C1FCE1D9178100032F008 /* Debug */,
				492C1FCF1D9178100032F008 /* Release */,
			);
			defaultConfigurationIsVisible = 0;
			defaultConfigurationName = Release;
		};
		492C1FD01D9178100032F008 /* Build configuration list for PBXNativeTarget "FlickrTestTests" */ = {
			isa = XCConfigurationList;
			buildConfigurations = (
				492C1FD11D9178100032F008 /* Debug */,
				492C1FD21D9178100032F008 /* Release */,
			);
			defaultConfigurationIsVisible = 0;
			defaultConfigurationName = Release;
		};
/* End XCConfigurationList section */
	};
	rootObject = 492C1FA81D9178100032F008 /* Project object */;
}
